
Microsoft Visual Studio Solution File, Format Version 12.00
# Visual Studio 15
VisualStudioVersion = 15.0.27004.2009
MinimumVisualStudioVersion = 10.0.40219.1
Project("{FAE04EC0-301F-11D3-BF4B-00C04F79EFBC}") = "TimeShutdown", "TimeShutdown\TimeShutdown.csproj", "{3B4874CE-9C2E-43BD-8982-FEB42DABA16A}"
EndProject
Global
	GlobalSection(SolutionConfigurationPlatforms) = preSolution
		Debug|Any CPU = Debug|Any CPU
		Release|Any CPU = Release|Any CPU
	EndGlobalSection
	GlobalSection(ProjectConfigurationPlatforms) = postSolution
		{3B4874CE-9C2E-43BD-8982-FEB42DABA16A}.Debug|Any CPU.ActiveCfg = Debug|Any CPU
		{3B4874CE-9C2E-43BD-8982-FEB42DABA16A}.Debug|Any CPU.Build.0 = Debug|Any CPU
		{3B4874CE-9C2E-43BD-8982-FEB42DABA16A}.Release|Any CPU.ActiveCfg = Release|Any CPU
		{3B4874CE-9C2E-43BD-8982-FEB42DABA16A}.Release|Any CPU.Build.0 = Release|Any CPU
	EndGlobalSection
	GlobalSection(SolutionProperties) = preSolution
		HideSolutionNode = FALSE
	EndGlobalSection
	GlobalSection(ExtensibilityGlobals) = postSolution
		SolutionGuid = {845295AF-AF25-4514-A884-2F1A7A357727}
	EndGlobalSection
EndGlobal
